// !$*UTF8*$!
{
	archiveVersion = 1;
	classes = {
	};
	objectVersion = 46;
	objects = {

/* Begin PBXBuildFile section */
		5CD1B7451A34117900031A10 /* main.m in Sources */ = {isa = PBXBuildFile; fileRef = 5CD1B7441A34117900031A10 /* main.m */; };
		5CD1B7481A34117900031A10 /* AppDelegate.m in Sources */ = {isa = PBXBuildFile; fileRef = 5CD1B7471A34117900031A10 /* AppDelegate.m */; };
		5CD1B74B1A34117900031A10 /* ViewController.m in Sources */ = {isa = PBXBuildFile; fileRef = 5CD1B74A1A34117900031A10 /* ViewController.m */; };
		5CD1B74E1A34117900031A10 /* Main.storyboard in Resources */ = {isa = PBXBuildFile; fileRef = 5CD1B74C1A34117900031A10 /* Main.storyboard */; };
		5CD1B7501A34117900031A10 /* Images.xcassets in Resources */ = {isa = PBXBuildFile; fileRef = 5CD1B74F1A34117900031A10 /* Images.xcassets */; };
		5CD1B7531A34117900031A10 /* LaunchScreen.xib in Resources */ = {isa = PBXBuildFile; fileRef = 5CD1B7511A34117900031A10 /* LaunchScreen.xib */; };
		5CD1B75F1A34117900031A10 /* EdoUtilityTests.m in Sources */ = {isa = PBXBuildFile; fileRef = 5CD1B75E1A34117900031A10 /* EdoUtilityTests.m */; };
		5CD1B7691A3411AF00031A10 /* Utilities.m in Sources */ = {isa = PBXBuildFile; fileRef = 5CD1B7681A3411AF00031A10 /* Utilities.m */; };
		5CD1B76D1A3415B600031A10 /* TestView.m in Sources */ = {isa = PBXBuildFile; fileRef = 5CD1B76C1A3415B600031A10 /* TestView.m */; };
		5CD1B7741A34314B00031A10 /* Category in Resources */ = {isa = PBXBuildFile; fileRef = 5CD1B7731A34314B00031A10 /* Category */; };
		5CD1B7761A34357A00031A10 /* CALayer+EDODebugger.m in Sources */ = {isa = PBXBuildFile; fileRef = 5CD1B7751A34357A00031A10 /* CALayer+EDODebugger.m */; };
		6036A59A1BC9EC820028BD27 /* UTLSingleton.m in Sources */ = {isa = PBXBuildFile; fileRef = 6036A5991BC9EC820028BD27 /* UTLSingleton.m */; };
		6036A59B1BC9EC820028BD27 /* UTLSingleton.m in Sources */ = {isa = PBXBuildFile; fileRef = 6036A5991BC9EC820028BD27 /* UTLSingleton.m */; };
		6036A59E1BCB41870028BD27 /* SingletonTest.m in Sources */ = {isa = PBXBuildFile; fileRef = 6036A59D1BCB41870028BD27 /* SingletonTest.m */; };
		6036A5A11BCB45120028BD27 /* UTLMacro.m in Sources */ = {isa = PBXBuildFile; fileRef = 6036A5A01BCB45120028BD27 /* UTLMacro.m */; };
		6036A5A21BCB45120028BD27 /* UTLMacro.m in Sources */ = {isa = PBXBuildFile; fileRef = 6036A5A01BCB45120028BD27 /* UTLMacro.m */; };
/* End PBXBuildFile section */

/* Begin PBXContainerItemProxy section */
		5CD1B7591A34117900031A10 /* PBXContainerItemProxy */ = {
			isa = PBXContainerItemProxy;
			containerPortal = 5CD1B7371A34117900031A10 /* Project object */;
			proxyType = 1;
			remoteGlobalIDString = 5CD1B73E1A34117900031A10;
			remoteInfo = EdoUtility;
		};
/* End PBXContainerItemProxy section */

/* Begin PBXFileReference section */
		5CD1B73F1A34117900031A10 /* EdoUtility.app */ = {isa = PBXFileReference; explicitFileType = wrapper.application; includeInIndex = 0; path = EdoUtility.app; sourceTree = BUILT_PRODUCTS_DIR; };
		5CD1B7431A34117900031A10 /* Info.plist */ = {isa = PBXFileReference; lastKnownFileType = text.plist.xml; path = Info.plist; sourceTree = "<group>"; };
		5CD1B7441A34117900031A10 /* main.m */ = {isa = PBXFileReference; lastKnownFileType = sourcecode.c.objc; path = main.m; sourceTree = "<group>"; };
		5CD1B7461A34117900031A10 /* AppDelegate.h */ = {isa = PBXFileReference; lastKnownFileType = sourcecode.c.h; path = AppDelegate.h; sourceTree = "<group>"; };
		5CD1B7471A34117900031A10 /* AppDelegate.m */ = {isa = PBXFileReference; lastKnownFileType = sourcecode.c.objc; path = AppDelegate.m; sourceTree = "<group>"; };
		5CD1B7491A34117900031A10 /* ViewController.h */ = {isa = PBXFileReference; lastKnownFileType = sourcecode.c.h; path = ViewController.h; sourceTree = "<group>"; };
		5CD1B74A1A34117900031A10 /* ViewController.m */ = {isa = PBXFileReference; lastKnownFileType = sourcecode.c.objc; path = ViewController.m; sourceTree = "<group>"; };
		5CD1B74D1A34117900031A10 /* Base */ = {isa = PBXFileReference; lastKnownFileType = file.storyboard; name = Base; path = Base.lproj/Main.storyboard; sourceTree = "<group>"; };
		5CD1B74F1A34117900031A10 /* Images.xcassets */ = {isa = PBXFileReference; lastKnownFileType = folder.assetcatalog; path = Images.xcassets; sourceTree = "<group>"; };
		5CD1B7521A34117900031A10 /* Base */ = {isa = PBXFileReference; lastKnownFileType = file.xib; name = Base; path = Base.lproj/LaunchScreen.xib; sourceTree = "<group>"; };
		5CD1B7581A34117900031A10 /* EdoUtilityTests.xctest */ = {isa = PBXFileReference; explicitFileType = wrapper.cfbundle; includeInIndex = 0; path = EdoUtilityTests.xctest; sourceTree = BUILT_PRODUCTS_DIR; };
		5CD1B75D1A34117900031A10 /* Info.plist */ = {isa = PBXFileReference; lastKnownFileType = text.plist.xml; path = Info.plist; sourceTree = "<group>"; };
		5CD1B75E1A34117900031A10 /* EdoUtilityTests.m */ = {isa = PBXFileReference; lastKnownFileType = sourcecode.c.objc; path = EdoUtilityTests.m; sourceTree = "<group>"; };
		5CD1B7681A3411AF00031A10 /* Utilities.m */ = {isa = PBXFileReference; fileEncoding = 4; lastKnownFileType = sourcecode.c.objc; path = Utilities.m; sourceTree = "<group>"; };
		5CD1B76A1A3411E300031A10 /* Utilities.h */ = {isa = PBXFileReference; fileEncoding = 4; lastKnownFileType = sourcecode.c.h; path = Utilities.h; sourceTree = "<group>"; };
		5CD1B76B1A3415B600031A10 /* TestView.h */ = {isa = PBXFileReference; fileEncoding = 4; lastKnownFileType = sourcecode.c.h; path = TestView.h; sourceTree = "<group>"; };
		5CD1B76C1A3415B600031A10 /* TestView.m */ = {isa = PBXFileReference; fileEncoding = 4; lastKnownFileType = sourcecode.c.objc; path = TestView.m; sourceTree = "<group>"; };
		5CD1B76E1A3416CC00031A10 /* EdoUtility-Prefix.pch */ = {isa = PBXFileReference; fileEncoding = 4; lastKnownFileType = sourcecode.c.h; path = "EdoUtility-Prefix.pch"; sourceTree = "<group>"; };
		5CD1B7731A34314B00031A10 /* Category */ = {isa = PBXFileReference; lastKnownFileType = folder; path = Category; sourceTree = "<group>"; };
		5CD1B7751A34357A00031A10 /* CALayer+EDODebugger.m */ = {isa = PBXFileReference; lastKnownFileType = sourcecode.c.objc; name = "CALayer+EDODebugger.m"; path = "EdoUtility/Category/CALayer+EDODebugger.m"; sourceTree = "<group>"; };
		6036A5981BC9EC820028BD27 /* UTLSingleton.h */ = {isa = PBXFileReference; fileEncoding = 4; lastKnownFileType = sourcecode.c.h; path = UTLSingleton.h; sourceTree = "<group>"; };
		6036A5991BC9EC820028BD27 /* UTLSingleton.m */ = {isa = PBXFileReference; fileEncoding = 4; lastKnownFileType = sourcecode.c.objc; path = UTLSingleton.m; sourceTree = "<group>"; };
		6036A59C1BCB41870028BD27 /* SingletonTest.h */ = {isa = PBXFileReference; fileEncoding = 4; lastKnownFileType = sourcecode.c.h; path = SingletonTest.h; sourceTree = "<group>"; };
		6036A59D1BCB41870028BD27 /* SingletonTest.m */ = {isa = PBXFileReference; fileEncoding = 4; lastKnownFileType = sourcecode.c.objc; path = SingletonTest.m; sourceTree = "<group>"; };
		6036A59F1BCB45120028BD27 /* UTLMacro.h */ = {isa = PBXFileReference; fileEncoding = 4; lastKnownFileType = sourcecode.c.h; path = UTLMacro.h; sourceTree = "<group>"; };
		6036A5A01BCB45120028BD27 /* UTLMacro.m */ = {isa = PBXFileReference; fileEncoding = 4; lastKnownFileType = sourcecode.c.objc; path = UTLMacro.m; sourceTree = "<group>"; };
/* End PBXFileReference section */

/* Begin PBXFrameworksBuildPhase section */
		5CD1B73C1A34117900031A10 /* Frameworks */ = {
			isa = PBXFrameworksBuildPhase;
			buildActionMask = 2147483647;
			files = (
			);
			runOnlyForDeploymentPostprocessing = 0;
		};
		5CD1B7551A34117900031A10 /* Frameworks */ = {
			isa = PBXFrameworksBuildPhase;
			buildActionMask = 2147483647;
			files = (
			);
			runOnlyForDeploymentPostprocessing = 0;
		};
/* End PBXFrameworksBuildPhase section */

/* Begin PBXGroup section */
		5CD1B7361A34117900031A10 = {
			isa = PBXGroup;
			children = (
				5CD1B7751A34357A00031A10 /* CALayer+EDODebugger.m */,
				5CD1B7411A34117900031A10 /* EdoUtility */,
				5CD1B75B1A34117900031A10 /* EdoUtilityTests */,
				5CD1B7401A34117900031A10 /* Products */,
			);
			sourceTree = "<group>";
		};
		5CD1B7401A34117900031A10 /* Products */ = {
			isa = PBXGroup;
			children = (
				5CD1B73F1A34117900031A10 /* EdoUtility.app */,
				5CD1B7581A34117900031A10 /* EdoUtilityTests.xctest */,
			);
			name = Products;
			sourceTree = "<group>";
		};
		5CD1B7411A34117900031A10 /* EdoUtility */ = {
			isa = PBXGroup;
			children = (
				5CD1B7731A34314B00031A10 /* Category */,
				5CD1B7461A34117900031A10 /* AppDelegate.h */,
				5CD1B7471A34117900031A10 /* AppDelegate.m */,
				5CD1B7491A34117900031A10 /* ViewController.h */,
				5CD1B74A1A34117900031A10 /* ViewController.m */,
				5CD1B74C1A34117900031A10 /* Main.storyboard */,
				5CD1B74F1A34117900031A10 /* Images.xcassets */,
				5CD1B7511A34117900031A10 /* LaunchScreen.xib */,
				5CD1B7421A34117900031A10 /* Supporting Files */,
				5CD1B7681A3411AF00031A10 /* Utilities.m */,
				5CD1B76A1A3411E300031A10 /* Utilities.h */,
				5CD1B76B1A3415B600031A10 /* TestView.h */,
				5CD1B76C1A3415B600031A10 /* TestView.m */,
				6036A5981BC9EC820028BD27 /* UTLSingleton.h */,
				6036A5991BC9EC820028BD27 /* UTLSingleton.m */,
				6036A59F1BCB45120028BD27 /* UTLMacro.h */,
				6036A5A01BCB45120028BD27 /* UTLMacro.m */,
			);
			path = EdoUtility;
			sourceTree = "<group>";
		};
		5CD1B7421A34117900031A10 /* Supporting Files */ = {
			isa = PBXGroup;
			children = (
				5CD1B7431A34117900031A10 /* Info.plist */,
				5CD1B7441A34117900031A10 /* main.m */,
				5CD1B76E1A3416CC00031A10 /* EdoUtility-Prefix.pch */,
			);
			name = "Supporting Files";
			sourceTree = "<group>";
		};
		5CD1B75B1A34117900031A10 /* EdoUtilityTests */ = {
			isa = PBXGroup;
			children = (
				5CD1B75E1A34117900031A10 /* EdoUtilityTests.m */,
				5CD1B75C1A34117900031A10 /* Supporting Files */,
				6036A59C1BCB41870028BD27 /* SingletonTest.h */,
				6036A59D1BCB41870028BD27 /* SingletonTest.m */,
			);
			path = EdoUtilityTests;
			sourceTree = "<group>";
		};
		5CD1B75C1A34117900031A10 /* Supporting Files */ = {
			isa = PBXGroup;
			children = (
				5CD1B75D1A34117900031A10 /* Info.plist */,
			);
			name = "Supporting Files";
			sourceTree = "<group>";
		};
/* End PBXGroup section */

/* Begin PBXNativeTarget section */
		5CD1B73E1A34117900031A10 /* EdoUtility */ = {
			isa = PBXNativeTarget;
			buildConfigurationList = 5CD1B7621A34117900031A10 /* Build configuration list for PBXNativeTarget "EdoUtility" */;
			buildPhases = (
				5CD1B73B1A34117900031A10 /* Sources */,
				5CD1B73C1A34117900031A10 /* Frameworks */,
				5CD1B73D1A34117900031A10 /* Resources */,
			);
			buildRules = (
			);
			dependencies = (
			);
			name = EdoUtility;
			productName = EdoUtility;
			productReference = 5CD1B73F1A34117900031A10 /* EdoUtility.app */;
			productType = "com.apple.product-type.application";
		};
		5CD1B7571A34117900031A10 /* EdoUtilityTests */ = {
			isa = PBXNativeTarget;
			buildConfigurationList = 5CD1B7651A34117900031A10 /* Build configuration list for PBXNativeTarget "EdoUtilityTests" */;
			buildPhases = (
				5CD1B7541A34117900031A10 /* Sources */,
				5CD1B7551A34117900031A10 /* Frameworks */,
				5CD1B7561A34117900031A10 /* Resources */,
			);
			buildRules = (
			);
			dependencies = (
				5CD1B75A1A34117900031A10 /* PBXTargetDependency */,
			);
			name = EdoUtilityTests;
			productName = EdoUtilityTests;
			productReference = 5CD1B7581A34117900031A10 /* EdoUtilityTests.xctest */;
			productType = "com.apple.product-type.bundle.unit-test";
		};
/* End PBXNativeTarget section */

/* Begin PBXProject section */
		5CD1B7371A34117900031A10 /* Project object */ = {
			isa = PBXProject;
			attributes = {
				LastUpgradeCheck = 0610;
				ORGANIZATIONNAME = "比留間 和也";
				TargetAttributes = {
					5CD1B73E1A34117900031A10 = {
						CreatedOnToolsVersion = 6.1;
					};
					5CD1B7571A34117900031A10 = {
						CreatedOnToolsVersion = 6.1;
						TestTargetID = 5CD1B73E1A34117900031A10;
					};
				};
			};
			buildConfigurationList = 5CD1B73A1A34117900031A10 /* Build configuration list for PBXProject "EdoUtility" */;
			compatibilityVersion = "Xcode 3.2";
			developmentRegion = English;
			hasScannedForEncodings = 0;
			knownRegions = (
				en,
				Base,
			);
			mainGroup = 5CD1B7361A34117900031A10;
			productRefGroup = 5CD1B7401A34117900031A10 /* Products */;
			projectDirPath = "";
			projectRoot = "";
			targets = (
				5CD1B73E1A34117900031A10 /* EdoUtility */,
				5CD1B7571A34117900031A10 /* EdoUtilityTests */,
			);
		};
/* End PBXProject section */

/* Begin PBXResourcesBuildPhase section */
		5CD1B73D1A34117900031A10 /* Resources */ = {
			isa = PBXResourcesBuildPhase;
			buildActionMask = 2147483647;
			files = (
				5CD1B74E1A34117900031A10 /* Main.storyboard in Resources */,
				5CD1B7531A34117900031A10 /* LaunchScreen.xib in Resources */,
				5CD1B7741A34314B00031A10 /* Category in Resources */,
				5CD1B7501A34117900031A10 /* Images.xcassets in Resources */,
			);
			runOnlyForDeploymentPostprocessing = 0;
		};
		5CD1B7561A34117900031A10 /* Resources */ = {
			isa = PBXResourcesBuildPhase;
			buildActionMask = 2147483647;
			files = (
			);
			runOnlyForDeploymentPostprocessing = 0;
		};
/* End PBXResourcesBuildPhase section */

/* Begin PBXSourcesBuildPhase section */
		5CD1B73B1A34117900031A10 /* Sources */ = {
			isa = PBXSourcesBuildPhase;
			buildActionMask = 2147483647;
			files = (
				6036A59A1BC9EC820028BD27 /* UTLSingleton.m in Sources */,
				5CD1B74B1A34117900031A10 /* ViewController.m in Sources */,
				5CD1B7691A3411AF00031A10 /* Utilities.m in Sources */,
				5CD1B76D1A3415B600031A10 /* TestView.m in Sources */,
				6036A5A11BCB45120028BD27 /* UTLMacro.m in Sources */,
				5CD1B7481A34117900031A10 /* AppDelegate.m in Sources */,
				5CD1B7451A34117900031A10 /* main.m in Sources */,
				5CD1B7761A34357A00031A10 /* CALayer+EDODebugger.m in Sources */,
			);
			runOnlyForDeploymentPostprocessing = 0;
		};
		5CD1B7541A34117900031A10 /* Sources */ = {
			isa = PBXSourcesBuildPhase;
			buildActionMask = 2147483647;
			files = (
				6036A5A21BCB45120028BD27 /* UTLMacro.m in Sources */,
				5CD1B75F1A34117900031A10 /* EdoUtilityTests.m in Sources */,
				6036A59E1BCB41870028BD27 /* SingletonTest.m in Sources */,
				6036A59B1BC9EC820028BD27 /* UTLSingleton.m in Sources */,
			);
			runOnlyForDeploymentPostprocessing = 0;
		};
/* End PBXSourcesBuildPhase section */

/* Begin PBXTargetDependency section */
		5CD1B75A1A34117900031A10 /* PBXTargetDependency */ = {
			isa = PBXTargetDependency;
			target = 5CD1B73E1A34117900031A10 /* EdoUtility */;
			targetProxy = 5CD1B7591A34117900031A10 /* PBXContainerItemProxy */;
		};
/* End PBXTargetDependency section */

/* Begin PBXVariantGroup section */
		5CD1B74C1A34117900031A10 /* Main.storyboard */ = {
			isa = PBXVariantGroup;
			children = (
				5CD1B74D1A34117900031A10 /* Base */,
			);
			name = Main.storyboard;
			sourceTree = "<group>";
		};
		5CD1B7511A34117900031A10 /* LaunchScreen.xib */ = {
			isa = PBXVariantGroup;
			children = (
				5CD1B7521A34117900031A10 /* Base */,
			);
			name = LaunchScreen.xib;
			sourceTree = "<group>";
		};
/* End PBXVariantGroup section */

/* Begin XCBuildConfiguration section */
		5CD1B7601A34117900031A10 /* Debug */ = {
			isa = XCBuildConfiguration;
			buildSettings = {
				ALWAYS_SEARCH_USER_PATHS = NO;
				CLANG_CXX_LANGUAGE_STANDARD = "gnu++0x";
				CLANG_CXX_LIBRARY = "libc++";
				CLANG_ENABLE_MODULES = YES;
				CLANG_ENABLE_OBJC_ARC = YES;
				CLANG_WARN_BOOL_CONVERSION = YES;
				CLANG_WARN_CONSTANT_CONVERSION = YES;
				CLANG_WARN_DIRECT_OBJC_ISA_USAGE = YES_ERROR;
				CLANG_WARN_EMPTY_BODY = YES;
				CLANG_WARN_ENUM_CONVERSION = YES;
				CLANG_WARN_INT_CONVERSION = YES;
				CLANG_WARN_OBJC_ROOT_CLASS = YES_ERROR;
				CLANG_WARN_UNREACHABLE_CODE = YES;
				CLANG_WARN__DUPLICATE_METHOD_MATCH = YES;
				"CODE_SIGN_IDENTITY[sdk=iphoneos*]" = "iPhone Developer";
				COPY_PHASE_STRIP = NO;
				ENABLE_STRICT_OBJC_MSGSEND = YES;
				GCC_C_LANGUAGE_STANDARD = gnu99;
				GCC_DYNAMIC_NO_PIC = NO;
				GCC_OPTIMIZATION_LEVEL = 0;
				GCC_PREPROCESSOR_DEFINITIONS = (
					"DEBUG=1",
					"$(inherited)",
				);
				GCC_SYMBOLS_PRIVATE_EXTERN = NO;
				GCC_WARN_64_TO_32_BIT_CONVERSION = YES;
				GCC_WARN_ABOUT_RETURN_TYPE = YES_ERROR;
				GCC_WARN_UNDECLARED_SELECTOR = YES;
				GCC_WARN_UNINITIALIZED_AUTOS = YES_AGGRESSIVE;
				GCC_WARN_UNUSED_FUNCTION = YES;
				GCC_WARN_UNUSED_VARIABLE = YES;
				IPHONEOS_DEPLOYMENT_TARGET = 8.1;
				MTL_ENABLE_DEBUG_INFO = YES;
				ONLY_ACTIVE_ARCH = YES;
				SDKROOT = iphoneos;
			};
			name = Debug;
		};
		5CD1B7611A34117900031A10 /* Release */ = {
			isa = XCBuildConfiguration;
			buildSettings = {
				ALWAYS_SEARCH_USER_PATHS = NO;
				CLANG_CXX_LANGUAGE_STANDARD = "gnu++0x";
				CLANG_CXX_LIBRARY = "libc++";
				CLANG_ENABLE_MODULES = YES;
				CLANG_ENABLE_OBJC_ARC = YES;
				CLANG_WARN_BOOL_CONVERSION = YES;
				CLANG_WARN_CONSTANT_CONVERSION = YES;
				CLANG_WARN_DIRECT_OBJC_ISA_USAGE = YES_ERROR;
				CLANG_WARN_EMPTY_BODY = YES;
				CLANG_WARN_ENUM_CONVERSION = YES;
				CLANG_WARN_INT_CONVERSION = YES;
				CLANG_WARN_OBJC_ROOT_CLASS = YES_ERROR;
				CLANG_WARN_UNREACHABLE_CODE = YES;
				CLANG_WARN__DUPLICATE_METHOD_MATCH = YES;
				"CODE_SIGN_IDENTITY[sdk=iphoneos*]" = "iPhone Developer";
				COPY_PHASE_STRIP = YES;
				ENABLE_NS_ASSERTIONS = NO;
				ENABLE_STRICT_OBJC_MSGSEND = YES;
				GCC_C_LANGUAGE_STANDARD = gnu99;
				GCC_WARN_64_TO_32_BIT_CONVERSION = YES;
				GCC_WARN_ABOUT_RETURN_TYPE = YES_ERROR;
				GCC_WARN_UNDECLARED_SELECTOR = YES;
				GCC_WARN_UNINITIALIZED_AUTOS = YES_AGGRESSIVE;
				GCC_WARN_UNUSED_FUNCTION = YES;
				GCC_WARN_UNUSED_VARIABLE = YES;
				IPHONEOS_DEPLOYMENT_TARGET = 8.1;
				MTL_ENABLE_DEBUG_INFO = NO;
				SDKROOT = iphoneos;
				VALIDATE_PRODUCT = YES;
			};
			name = Release;
		};
		5CD1B7631A34117900031A10 /* Debug */ = {
			isa = XCBuildConfiguration;
			buildSettings = {
				ASSETCATALOG_COMPILER_APPICON_NAME = AppIcon;
				GCC_PREFIX_HEADER = "EdoUtility/EdoUtility-Prefix.pch";
				INFOPLIST_FILE = EdoUtility/Info.plist;
				LD_RUNPATH_SEARCH_PATHS = "$(inherited) @executable_path/Frameworks";
				PRODUCT_NAME = "$(TARGET_NAME)";
			};
			name = Debug;
		};
		5CD1B7641A34117900031A10 /* Release */ = {
			isa = XCBuildConfiguration;
			buildSettings = {
				ASSETCATALOG_COMPILER_APPICON_NAME = AppIcon;
				GCC_PREFIX_HEADER = "EdoUtility/EdoUtility-Prefix.pch";
				INFOPLIST_FILE = EdoUtility/Info.plist;
				LD_RUNPATH_SEARCH_PATHS = "$(inherited) @executable_path/Frameworks";
				PRODUCT_NAME = "$(TARGET_NAME)";
			};
			name = Release;
		};
		5CD1B7661A34117900031A10 /* Debug */ = {
			isa = XCBuildConfiguration;
			buildSettings = {
				BUNDLE_LOADER = "$(TEST_HOST)";
				FRAMEWORK_SEARCH_PATHS = (
					"$(SDKROOT)/Developer/Library/Frameworks",
					"$(inherited)",
				);
				GCC_PREPROCESSOR_DEFINITIONS = (
					"DEBUG=1",
					"$(inherited)",
				);
				INFOPLIST_FILE = EdoUtilityTests/Info.plist;
				LD_RUNPATH_SEARCH_PATHS = "$(inherited) @executable_path/Frameworks @loader_path/Frameworks";
				PRODUCT_NAME = "$(TARGET_NAME)";
				TEST_HOST = "$(BUILT_PRODUCTS_DIR)/EdoUtility.app/EdoUtility";
			};
			name = Debug;
		};
		5CD1B7671A34117900031A10 /* Release */ = {
			isa = XCBuildConfiguration;
			buildSettings = {
				BUNDLE_LOADER = "$(TEST_HOST)";
				FRAMEWORK_SEARCH_PATHS = (
					"$(SDKROOT)/Developer/Library/Frameworks",
					"$(inherited)",
				);
				INFOPLIST_FILE = EdoUtilityTests/Info.plist;
				LD_RUNPATH_SEARCH_PATHS = "$(inherited) @executable_path/Frameworks @loader_path/Frameworks";
				PRODUCT_NAME = "$(TARGET_NAME)";
				TEST_HOST = "$(BUILT_PRODUCTS_DIR)/EdoUtility.app/EdoUtility";
			};
			name = Release;
		};
/* End XCBuildConfiguration section */

/* Begin XCConfigurationList section */
		5CD1B73A1A34117900031A10 /* Build configuration list for PBXProject "EdoUtility" */ = {
			isa = XCConfigurationList;
			buildConfigurations = (
				5CD1B7601A34117900031A10 /* Debug */,
				5CD1B7611A34117900031A10 /* Release */,
			);
			defaultConfigurationIsVisible = 0;
			defaultConfigurationName = Release;
		};
		5CD1B7621A34117900031A10 /* Build configuration list for PBXNativeTarget "EdoUtility" */ = {
			isa = XCConfigurationList;
			buildConfigurations = (
				5CD1B7631A34117900031A10 /* Debug */,
				5CD1B7641A34117900031A10 /* Release */,
			);
			defaultConfigurationIsVisible = 0;
			defaultConfigurationName = Release;
		};
		5CD1B7651A34117900031A10 /* Build configuration list for PBXNativeTarget "EdoUtilityTests" */ = {
			isa = XCConfigurationList;
			buildConfigurations = (
				5CD1B7661A34117900031A10 /* Debug */,
				5CD1B7671A34117900031A10 /* Release */,
			);
			defaultConfigurationIsVisible = 0;
			defaultConfigurationName = Release;
		};
/* End XCConfigurationList section */
	};
	rootObject = 5CD1B7371A34117900031A10 /* Project object */;
}
